{
    "_readme": [
        "This file locks the dependencies of your project to a known state",
        "Read more about it at https://getcomposer.org/doc/01-basic-usage.md#installing-dependencies",
        "This file is @generated automatically"
    ],
    "content-hash": "44bd8da94cef30ffed77c4662d27fae5",
    "packages": [
        {
            "name": "php-etl/bucket",
            "version": "v0.2.0",
            "source": {
                "type": "git",
                "url": "https://github.com/php-etl/bucket.git",
                "reference": "a5a20ac8a33d9460f30b57ff92761031bc66a062"
            },
            "dist": {
                "type": "zip",
                "url": "https://api.github.com/repos/php-etl/bucket/zipball/a5a20ac8a33d9460f30b57ff92761031bc66a062",
                "reference": "a5a20ac8a33d9460f30b57ff92761031bc66a062",
                "shasum": ""
            },
            "require": {
                "php": "^8.0",
                "php-etl/bucket-contracts": "^0.1.0"
            },
            "require-dev": {
                "friends-of-phpspec/phpspec-code-coverage": "6.x-dev",
                "johnkary/phpunit-speedtrap": "*",
                "mybuilder/phpunit-accelerator": "*",
                "phpspec/phpspec": "^7.0",
                "phpunit/php-invoker": "*",
                "phpunit/phpunit": "^9.0"
            },
            "type": "library",
            "extra": {
                "branch-alias": {
                    "dev-master": "0.2.x-dev"
                }
            },
            "autoload": {
                "psr-4": {
                    "Kiboko\\Component\\Bucket\\": "src/"
                }
            },
            "notification-url": "https://packagist.org/downloads/",
            "license": [
                "MIT"
            ],
            "authors": [
                {
                    "name": "Kiboko SAS",
                    "homepage": "http://kiboko.fr"
                },
                {
                    "name": "Grégory Planchat",
                    "email": "gregory@kiboko.fr"
                }
            ],
            "description": "This library implements the Extract-Transform-Load pattern asynchronously in PHP with the help of iterators and generators",
            "support": {
                "issues": "https://github.com/php-etl/bucket/issues",
                "source": "https://github.com/php-etl/bucket/tree/v0.2.0"
            },
            "time": "2021-09-29T07:03:50+00:00"
        },
        {
            "name": "php-etl/bucket-contracts",
            "version": "v0.1.0",
            "source": {
                "type": "git",
                "url": "https://github.com/php-etl/bucket-contracts.git",
                "reference": "b5d682329b7f8ff66e0987f75fad190607c10ddf"
            },
            "dist": {
                "type": "zip",
                "url": "https://api.github.com/repos/php-etl/bucket-contracts/zipball/b5d682329b7f8ff66e0987f75fad190607c10ddf",
                "reference": "b5d682329b7f8ff66e0987f75fad190607c10ddf",
                "shasum": ""
            },
            "require": {
                "php": "^8.0"
            },
            "require-dev": {
                "phpstan/phpstan": "0.12.x-dev"
            },
            "type": "library",
            "extra": {
                "branch-alias": {
                    "dev-master": "0.1.x-dev"
                }
            },
            "autoload": {
                "psr-4": {
                    "Kiboko\\Contract\\Bucket\\": "src/"
                }
            },
            "notification-url": "https://packagist.org/downloads/",
            "license": [
                "MIT"
            ],
            "authors": [
                {
                    "name": "Kiboko SAS",
                    "homepage": "http://kiboko.fr"
                },
                {
                    "name": "Grégory Planchatn rules",
                    "email": "gregory@kiboko.fr"
                }
            ],
            "description": "This library describes contracts for the data-interchange buckets.",
            "support": {
                "issues": "https://github.com/php-etl/bucket-contracts/issues",
                "source": "https://github.com/php-etl/bucket-contracts/tree/v0.1.0"
            },
            "time": "2021-09-25T16:53:47+00:00"
        },
        {
            "name": "php-etl/pipeline-contracts",
            "version": "v0.3.3",
            "source": {
                "type": "git",
                "url": "https://github.com/php-etl/pipeline-contracts.git",
                "reference": "c89002bcc303194bbc9cf3efbff6da62c519ea70"
            },
            "dist": {
                "type": "zip",
                "url": "https://api.github.com/repos/php-etl/pipeline-contracts/zipball/c89002bcc303194bbc9cf3efbff6da62c519ea70",
                "reference": "c89002bcc303194bbc9cf3efbff6da62c519ea70",
                "shasum": ""
            },
            "require": {
                "php": "^8.0",
                "php-etl/bucket-contracts": "^0.1.0"
            },
            "type": "library",
            "extra": {
                "branch-alias": {
                    "dev-master": "0.3.x-dev"
                }
            },
            "autoload": {
                "psr-4": {
                    "Kiboko\\Contract\\Pipeline\\": "src/"
                }
            },
            "notification-url": "https://packagist.org/downloads/",
            "license": [
                "MIT"
            ],
            "authors": [
                {
                    "name": "Kiboko SAS",
                    "homepage": "http://kiboko.fr"
                },
                {
                    "name": "Grégory Planchat",
                    "email": "gregory@kiboko.fr"
                }
            ],
            "description": "This library describes contracts for the Extract-Transform-Load pattern.",
            "support": {
                "issues": "https://github.com/php-etl/pipeline-contracts/issues",
                "source": "https://github.com/php-etl/pipeline-contracts/tree/v0.3.3"
            },
            "time": "2021-09-28T06:57:28+00:00"
        },
        {
            "name": "psr/log",
            "version": "3.0.0",
            "source": {
                "type": "git",
                "url": "https://github.com/php-fig/log.git",
                "reference": "fe5ea303b0887d5caefd3d431c3e61ad47037001"
            },
            "dist": {
                "type": "zip",
                "url": "https://api.github.com/repos/php-fig/log/zipball/fe5ea303b0887d5caefd3d431c3e61ad47037001",
                "reference": "fe5ea303b0887d5caefd3d431c3e61ad47037001",
                "shasum": ""
            },
            "require": {
                "php": ">=8.0.0"
            },
            "type": "library",
            "extra": {
                "branch-alias": {
                    "dev-master": "3.x-dev"
                }
            },
            "autoload": {
                "psr-4": {
                    "Psr\\Log\\": "src"
                }
            },
            "notification-url": "https://packagist.org/downloads/",
            "license": [
                "MIT"
            ],
            "authors": [
                {
                    "name": "PHP-FIG",
                    "homepage": "https://www.php-fig.org/"
                }
            ],
            "description": "Common interface for logging libraries",
            "homepage": "https://github.com/php-fig/log",
            "keywords": [
                "log",
                "psr",
                "psr-3"
            ],
            "support": {
                "source": "https://github.com/php-fig/log/tree/3.0.0"
            },
            "time": "2021-07-14T16:46:02+00:00"
        },
        {
            "name": "zohocrm/php-sdk-3.0",
            "version": "1.0.0-beta",
            "source": {
                "type": "git",
                "url": "https://github.com/zoho/zohocrm-php-sdk-3.0.git",
                "reference": "d2b0f17f512c9ffe5f25924b61744b615d3efb11"
            },
            "dist": {
                "type": "zip",
                "url": "https://api.github.com/repos/zoho/zohocrm-php-sdk-3.0/zipball/d2b0f17f512c9ffe5f25924b61744b615d3efb11",
                "reference": "d2b0f17f512c9ffe5f25924b61744b615d3efb11",
                "shasum": ""
            },
            "require": {
                "ext-curl": "*",
                "ext-json": "*",
                "php": ">=7.0"
            },
            "require-dev": {
                "phpunit/phpunit": ">=5.7"
            },
            "type": "sdk",
            "autoload": {
                "psr-4": {
                    "": "src/"
                }
            },
            "notification-url": "https://packagist.org/downloads/",
            "license": [
                "Apache-2.0"
            ],
            "authors": [
                {
                    "name": "Zoho CRM API Team",
                    "email": "support@zohocrm.com",
                    "homepage": "https://www.zoho.com/crm/help/customer-support.html",
                    "role": "Developer"
                }
            ],
            "description": "Zoho CRM API SDK for PHP",
            "homepage": "https://github.com/zoho/zohocrm-php-sdk-3.0",
            "support": {
                "source": "https://github.com/zoho/zohocrm-php-sdk-3.0/tree/1.0.0-beta"
            },
            "time": "2022-06-01T06:32:31+00:00"
        }
    ],
    "packages-dev": [],
    "aliases": [],
    "minimum-stability": "dev",
    "stability-flags": {
        "zohocrm/php-sdk-3.0": 10
    },
    "prefer-stable": true,
    "prefer-lowest": false,
    "platform": {
        "php": "^8.1"
    },
    "platform-dev": [],
    "plugin-api-version": "2.3.0"
}
